// !$*UTF8*$!
{
	archiveVersion = 1;
	classes = {
	};
	objectVersion = 48;
	objects = {

/* Begin PBXBuildFile section */
		D2482216200D3DEE00FA566E /* AppDelegate.swift in Sources */ = {isa = PBXBuildFile; fileRef = D2482215200D3DEE00FA566E /* AppDelegate.swift */; };
		D2482218200D3DEE00FA566E /* ViewController.swift in Sources */ = {isa = PBXBuildFile; fileRef = D2482217200D3DEE00FA566E /* ViewController.swift */; };
		D248221B200D3DEE00FA566E /* Main.storyboard in Resources */ = {isa = PBXBuildFile; fileRef = D2482219200D3DEE00FA566E /* Main.storyboard */; };
		D248221E200D3DEE00FA566E /* Giphr.xcdatamodeld in Sources */ = {isa = PBXBuildFile; fileRef = D248221C200D3DEE00FA566E /* Giphr.xcdatamodeld */; };
		D2482220200D3DEE00FA566E /* Assets.xcassets in Resources */ = {isa = PBXBuildFile; fileRef = D248221F200D3DEE00FA566E /* Assets.xcassets */; };
		D2482223200D3DEE00FA566E /* LaunchScreen.storyboard in Resources */ = {isa = PBXBuildFile; fileRef = D2482221200D3DEE00FA566E /* LaunchScreen.storyboard */; };
/* End PBXBuildFile section */

/* Begin PBXFileReference section */
		D2482212200D3DEE00FA566E /* Giphr.app */ = {isa = PBXFileReference; explicitFileType = wrapper.application; includeInIndex = 0; path = Giphr.app; sourceTree = BUILT_PRODUCTS_DIR; };
		D2482215200D3DEE00FA566E /* AppDelegate.swift */ = {isa = PBXFileReference; lastKnownFileType = sourcecode.swift; path = AppDelegate.swift; sourceTree = "<group>"; };
		D2482217200D3DEE00FA566E /* ViewController.swift */ = {isa = PBXFileReference; lastKnownFileType = sourcecode.swift; path = ViewController.swift; sourceTree = "<group>"; };
		D248221A200D3DEE00FA566E /* Base */ = {isa = PBXFileReference; lastKnownFileType = file.storyboard; name = Base; path = Base.lproj/Main.storyboard; sourceTree = "<group>"; };
		D248221D200D3DEE00FA566E /* Giphr.xcdatamodel */ = {isa = PBXFileReference; lastKnownFileType = wrapper.xcdatamodel; path = Giphr.xcdatamodel; sourceTree = "<group>"; };
		D248221F200D3DEE00FA566E /* Assets.xcassets */ = {isa = PBXFileReference; lastKnownFileType = folder.assetcatalog; path = Assets.xcassets; sourceTree = "<group>"; };
		D2482222200D3DEE00FA566E /* Base */ = {isa = PBXFileReference; lastKnownFileType = file.storyboard; name = Base; path = Base.lproj/LaunchScreen.storyboard; sourceTree = "<group>"; };
		D2482224200D3DEE00FA566E /* Info.plist */ = {isa = PBXFileReference; lastKnownFileType = text.plist.xml; path = Info.plist; sourceTree = "<group>"; };
/* End PBXFileReference section */

/* Begin PBXFrameworksBuildPhase section */
		D248220F200D3DEE00FA566E /* Frameworks */ = {
			isa = PBXFrameworksBuildPhase;
			buildActionMask = 2147483647;
			files = (
			);
			runOnlyForDeploymentPostprocessing = 0;
		};
/* End PBXFrameworksBuildPhase section */

/* Begin PBXGroup section */
		D2482209200D3DEE00FA566E = {
			isa = PBXGroup;
			children = (
				D2482214200D3DEE00FA566E /* Giphr */,
				D2482213200D3DEE00FA566E /* Products */,
			);
			sourceTree = "<group>";
		};
		D2482213200D3DEE00FA566E /* Products */ = {
			isa = PBXGroup;
			children = (
				D2482212200D3DEE00FA566E /* Giphr.app */,
			);
			name = Products;
			sourceTree = "<group>";
		};
		D2482214200D3DEE00FA566E /* Giphr */ = {
			isa = PBXGroup;
			children = (
				D2482215200D3DEE00FA566E /* AppDelegate.swift */,
				D2482217200D3DEE00FA566E /* ViewController.swift */,
				D2482219200D3DEE00FA566E /* Main.storyboard */,
				D248221F200D3DEE00FA566E /* Assets.xcassets */,
				D2482221200D3DEE00FA566E /* LaunchScreen.storyboard */,
				D2482224200D3DEE00FA566E /* Info.plist */,
				D248221C200D3DEE00FA566E /* Giphr.xcdatamodeld */,
			);
			path = Giphr;
			sourceTree = "<group>";
		};
/* End PBXGroup section */

/* Begin PBXNativeTarget section */
		D2482211200D3DEE00FA566E /* Giphr */ = {
			isa = PBXNativeTarget;
			buildConfigurationList = D2482227200D3DEE00FA566E /* Build configuration list for PBXNativeTarget "Giphr" */;
			buildPhases = (
				D248220E200D3DEE00FA566E /* Sources */,
				D248220F200D3DEE00FA566E /* Frameworks */,
				D2482210200D3DEE00FA566E /* Resources */,
			);
			buildRules = (
			);
			dependencies = (
			);
			name = Giphr;
			productName = Giphr;
			productReference = D2482212200D3DEE00FA566E /* Giphr.app */;
			productType = "com.apple.product-type.application";
		};
/* End PBXNativeTarget section */

/* Begin PBXProject section */
		D248220A200D3DEE00FA566E /* Project object */ = {
			isa = PBXProject;
			attributes = {
				LastSwiftUpdateCheck = 0920;
				LastUpgradeCheck = 0920;
				ORGANIZATIONNAME = "Oliver Pfeffer";
				TargetAttributes = {
					D2482211200D3DEE00FA566E = {
						CreatedOnToolsVersion = 9.2;
						ProvisioningStyle = Automatic;
					};
				};
			};
			buildConfigurationList = D248220D200D3DEE00FA566E /* Build configuration list for PBXProject "Giphr" */;
			compatibilityVersion = "Xcode 8.0";
			developmentRegion = en;
			hasScannedForEncodings = 0;
			knownRegions = (
				en,
				Base,
			);
			mainGroup = D2482209200D3DEE00FA566E;
			productRefGroup = D2482213200D3DEE00FA566E /* Products */;
			projectDirPath = "";
			projectRoot = "";
			targets = (
				D2482211200D3DEE00FA566E /* Giphr */,
			);
		};
/* End PBXProject section */

/* Begin PBXResourcesBuildPhase section */
		D2482210200D3DEE00FA566E /* Resources */ = {
			isa = PBXResourcesBuildPhase;
			buildActionMask = 2147483647;
			files = (
				D2482223200D3DEE00FA566E /* LaunchScreen.storyboard in Resources */,
				D2482220200D3DEE00FA566E /* Assets.xcassets in Resources */,
				D248221B200D3DEE00FA566E /* Main.storyboard in Resources */,
			);
			runOnlyForDeploymentPostprocessing = 0;
		};
/* End PBXResourcesBuildPhase section */

/* Begin PBXSourcesBuildPhase section */
		D248220E200D3DEE00FA566E /* Sources */ = {
			isa = PBXSourcesBuildPhase;
			buildActionMask = 2147483647;
			files = (
				D248221E200D3DEE00FA566E /* Giphr.xcdatamodeld in Sources */,
				D2482218200D3DEE00FA566E /* ViewController.swift in Sources */,
				D2482216200D3DEE00FA566E /* AppDelegate.swift in Sources */,
			);
			runOnlyForDeploymentPostprocessing = 0;
		};
/* End PBXSourcesBuildPhase section */

/* Begin PBXVariantGroup section */
		D2482219200D3DEE00FA566E /* Main.storyboard */ = {
			isa = PBXVariantGroup;
			children = (
				D248221A200D3DEE00FA566E /* Base */,
			);
			name = Main.storyboard;
			sourceTree = "<group>";
		};
		D2482221200D3DEE00FA566E /* LaunchScreen.storyboard */ = {
			isa = PBXVariantGroup;
			children = (
				D2482222200D3DEE00FA566E /* Base */,
			);
			name = LaunchScreen.storyboard;
			sourceTree = "<group>";
		};
/* End PBXVariantGroup section */

/* Begin XCBuildConfiguration section */
		D2482225200D3DEE00FA566E /* Debug */ = {
			isa = XCBuildConfiguration;
			buildSettings = {
				ALWAYS_SEARCH_USER_PATHS = NO;
				CLANG_ANALYZER_NONNULL = YES;
				CLANG_ANALYZER_NUMBER_OBJECT_CONVERSION = YES_AGGRESSIVE;
				CLANG_CXX_LANGUAGE_STANDARD = "gnu++14";
				CLANG_CXX_LIBRARY = "libc++";
				CLANG_ENABLE_MODULES = YES;
				CLANG_ENABLE_OBJC_ARC = YES;
				CLANG_WARN_BLOCK_CAPTURE_AUTORELEASING = YES;
				CLANG_WARN_BOOL_CONVERSION = YES;
				CLANG_WARN_COMMA = YES;
				CLANG_WARN_CONSTANT_CONVERSION = YES;
				CLANG_WARN_DIRECT_OBJC_ISA_USAGE = YES_ERROR;
				CLANG_WARN_DOCUMENTATION_COMMENTS = YES;
				CLANG_WARN_EMPTY_BODY = YES;
				CLANG_WARN_ENUM_CONVERSION = YES;
				CLANG_WARN_INFINITE_RECURSION = YES;
				CLANG_WARN_INT_CONVERSION = YES;
				CLANG_WARN_NON_LITERAL_NULL_CONVERSION = YES;
				CLANG_WARN_OBJC_LITERAL_CONVERSION = YES;
				CLANG_WARN_OBJC_ROOT_CLASS = YES_ERROR;
				CLANG_WARN_RANGE_LOOP_ANALYSIS = YES;
				CLANG_WARN_STRICT_PROTOTYPES = YES;
				CLANG_WARN_SUSPICIOUS_MOVE = YES;
				CLANG_WARN_UNGUARDED_AVAILABILITY = YES_AGGRESSIVE;
				CLANG_WARN_UNREACHABLE_CODE = YES;
				CLANG_WARN__DUPLICATE_METHOD_MATCH = YES;
				CODE_SIGN_IDENTITY = "iPhone Developer";
				COPY_PHASE_STRIP = NO;
				DEBUG_INFORMATION_FORMAT = dwarf;
				ENABLE_STRICT_OBJC_MSGSEND = YES;
				ENABLE_TESTABILITY = YES;
				GCC_C_LANGUAGE_STANDARD = gnu11;
				GCC_DYNAMIC_NO_PIC = NO;
				GCC_NO_COMMON_BLOCKS = YES;
				GCC_OPTIMIZATION_LEVEL = 0;
				GCC_PREPROCESSOR_DEFINITIONS = (
					"DEBUG=1",
					"$(inherited)",
				);
				GCC_WARN_64_TO_32_BIT_CONVERSION = YES;
				GCC_WARN_ABOUT_RETURN_TYPE = YES_ERROR;
				GCC_WARN_UNDECLARED_SELECTOR = YES;
				GCC_WARN_UNINITIALIZED_AUTOS = YES_AGGRESSIVE;
				GCC_WARN_UNUSED_FUNCTION = YES;
				GCC_WARN_UNUSED_VARIABLE = YES;
				IPHONEOS_DEPLOYMENT_TARGET = 11.2;
				MTL_ENABLE_DEBUG_INFO = YES;
				ONLY_ACTIVE_ARCH = YES;
				SDKROOT = iphoneos;
				SWIFT_ACTIVE_COMPILATION_CONDITIONS = DEBUG;
				SWIFT_OPTIMIZATION_LEVEL = "-Onone";
			};
			name = Debug;
		};
		D2482226200D3DEE00FA566E /* Release */ = {
			isa = XCBuildConfiguration;
			buildSettings = {
				ALWAYS_SEARCH_USER_PATHS = NO;
				CLANG_ANALYZER_NONNULL = YES;
				CLANG_ANALYZER_NUMBER_OBJECT_CONVERSION = YES_AGGRESSIVE;
				CLANG_CXX_LANGUAGE_STANDARD = "gnu++14";
				CLANG_CXX_LIBRARY = "libc++";
				CLANG_ENABLE_MODULES = YES;
				CLANG_ENABLE_OBJC_ARC = YES;
				CLANG_WARN_BLOCK_CAPTURE_AUTORELEASING = YES;
				CLANG_WARN_BOOL_CONVERSION = YES;
				CLANG_WARN_COMMA = YES;
				CLANG_WARN_CONSTANT_CONVERSION = YES;
				CLANG_WARN_DIRECT_OBJC_ISA_USAGE = YES_ERROR;
				CLANG_WARN_DOCUMENTATION_COMMENTS = YES;
				CLANG_WARN_EMPTY_BODY = YES;
				CLANG_WARN_ENUM_CONVERSION = YES;
				CLANG_WARN_INFINITE_RECURSION = YES;
				CLANG_WARN_INT_CONVERSION = YES;
				CLANG_WARN_NON_LITERAL_NULL_CONVERSION = YES;
				CLANG_WARN_OBJC_LITERAL_CONVERSION = YES;
				CLANG_WARN_OBJC_ROOT_CLASS = YES_ERROR;
				CLANG_WARN_RANGE_LOOP_ANALYSIS = YES;
				CLANG_WARN_STRICT_PROTOTYPES = YES;
				CLANG_WARN_SUSPICIOUS_MOVE = YES;
				CLANG_WARN_UNGUARDED_AVAILABILITY = YES_AGGRESSIVE;
				CLANG_WARN_UNREACHABLE_CODE = YES;
				CLANG_WARN__DUPLICATE_METHOD_MATCH = YES;
				CODE_SIGN_IDENTITY = "iPhone Developer";
				COPY_PHASE_STRIP = NO;
				DEBUG_INFORMATION_FORMAT = "dwarf-with-dsym";
				ENABLE_NS_ASSERTIONS = NO;
				ENABLE_STRICT_OBJC_MSGSEND = YES;
				GCC_C_LANGUAGE_STANDARD = gnu11;
				GCC_NO_COMMON_BLOCKS = YES;
				GCC_WARN_64_TO_32_BIT_CONVERSION = YES;
				GCC_WARN_ABOUT_RETURN_TYPE = YES_ERROR;
				GCC_WARN_UNDECLARED_SELECTOR = YES;
				GCC_WARN_UNINITIALIZED_AUTOS = YES_AGGRESSIVE;
				GCC_WARN_UNUSED_FUNCTION = YES;
				GCC_WARN_UNUSED_VARIABLE = YES;
				IPHONEOS_DEPLOYMENT_TARGET = 11.2;
				MTL_ENABLE_DEBUG_INFO = NO;
				SDKROOT = iphoneos;
				SWIFT_OPTIMIZATION_LEVEL = "-Owholemodule";
				VALIDATE_PRODUCT = YES;
			};
			name = Release;
		};
		D2482228200D3DEE00FA566E /* Debug */ = {
			isa = XCBuildConfiguration;
			buildSettings = {
				ASSETCATALOG_COMPILER_APPICON_NAME = AppIcon;
				CODE_SIGN_STYLE = Automatic;
				DEVELOPMENT_TEAM = KCS54TVP86;
				INFOPLIST_FILE = Giphr/Info.plist;
				LD_RUNPATH_SEARCH_PATHS = "$(inherited) @executable_path/Frameworks";
				PRODUCT_BUNDLE_IDENTIFIER = com.opfeffer.lhms.Giphr;
				PRODUCT_NAME = "$(TARGET_NAME)";
				SWIFT_VERSION = 4.0;
				TARGETED_DEVICE_FAMILY = "1,2";
			};
			name = Debug;
		};
		D2482229200D3DEE00FA566E /* Release */ = {
			isa = XCBuildConfiguration;
			buildSettings = {
				ASSETCATALOG_COMPILER_APPICON_NAME = AppIcon;
				CODE_SIGN_STYLE = Automatic;
				DEVELOPMENT_TEAM = KCS54TVP86;
				INFOPLIST_FILE = Giphr/Info.plist;
				LD_RUNPATH_SEARCH_PATHS = "$(inherited) @executable_path/Frameworks";
				PRODUCT_BUNDLE_IDENTIFIER = com.opfeffer.lhms.Giphr;
				PRODUCT_NAME = "$(TARGET_NAME)";
				SWIFT_VERSION = 4.0;
				TARGETED_DEVICE_FAMILY = "1,2";
			};
			name = Release;
		};
/* End XCBuildConfiguration section */

/* Begin XCConfigurationList section */
		D248220D200D3DEE00FA566E /* Build configuration list for PBXProject "Giphr" */ = {
			isa = XCConfigurationList;
			buildConfigurations = (
				D2482225200D3DEE00FA566E /* Debug */,
				D2482226200D3DEE00FA566E /* Release */,
			);
			defaultConfigurationIsVisible = 0;
			defaultConfigurationName = Release;
		};
		D2482227200D3DEE00FA566E /* Build configuration list for PBXNativeTarget "Giphr" */ = {
			isa = XCConfigurationList;
			buildConfigurations = (
				D2482228200D3DEE00FA566E /* Debug */,
				D2482229200D3DEE00FA566E /* Release */,
			);
			defaultConfigurationIsVisible = 0;
			defaultConfigurationName = Release;
		};
/* End XCConfigurationList section */

/* Begin XCVersionGroup section */
		D248221C200D3DEE00FA566E /* Giphr.xcdatamodeld */ = {
			isa = XCVersionGroup;
			children = (
				D248221D200D3DEE00FA566E /* Giphr.xcdatamodel */,
			);
			currentVersion = D248221D200D3DEE00FA566E /* Giphr.xcdatamodel */;
			path = Giphr.xcdatamodeld;
			sourceTree = "<group>";
			versionGroupType = wrapper.xcdatamodel;
		};
/* End XCVersionGroup section */
	};
	rootObject = D248220A200D3DEE00FA566E /* Project object */;
}
